
Microsoft Visual Studio Solution File, Format Version 12.00
# Visual Studio Version 17
VisualStudioVersion = 17.4.33122.133
MinimumVisualStudioVersion = 10.0.40219.1
Project("{9A19103F-16F7-4668-BE54-9A1E7A4F7556}") = "SvgCodeGen2", "SvgCodeGen2\SvgCodeGen2.csproj", "{2A8AC55E-E9F5-4C89-8421-ABF0BA033F3E}"
EndProject
Project("{9A19103F-16F7-4668-BE54-9A1E7A4F7556}") = "testing", "testing\testing.csproj", "{2272A4B1-D929-4EEA-ABB4-351BEBC14694}"
EndProject
Project("{FAE04EC0-301F-11D3-BF4B-00C04F79EFBC}") = "SvgCodeGen2.Charts", "SvgCodeGen2.Charts\SvgCodeGen2.Charts.csproj", "{9C4FAA34-E6A0-4B10-94A0-4CA55933191A}"
EndProject
Global
	GlobalSection(SolutionConfigurationPlatforms) = preSolution
		Debug|Any CPU = Debug|Any CPU
		Release|Any CPU = Release|Any CPU
	EndGlobalSection
	GlobalSection(ProjectConfigurationPlatforms) = postSolution
		{2A8AC55E-E9F5-4C89-8421-ABF0BA033F3E}.Debug|Any CPU.ActiveCfg = Debug|Any CPU
		{2A8AC55E-E9F5-4C89-8421-ABF0BA033F3E}.Debug|Any CPU.Build.0 = Debug|Any CPU
		{2A8AC55E-E9F5-4C89-8421-ABF0BA033F3E}.Release|Any CPU.ActiveCfg = Release|Any CPU
		{2A8AC55E-E9F5-4C89-8421-ABF0BA033F3E}.Release|Any CPU.Build.0 = Release|Any CPU
		{2272A4B1-D929-4EEA-ABB4-351BEBC14694}.Debug|Any CPU.ActiveCfg = Debug|Any CPU
		{2272A4B1-D929-4EEA-ABB4-351BEBC14694}.Debug|Any CPU.Build.0 = Debug|Any CPU
		{2272A4B1-D929-4EEA-ABB4-351BEBC14694}.Release|Any CPU.ActiveCfg = Release|Any CPU
		{2272A4B1-D929-4EEA-ABB4-351BEBC14694}.Release|Any CPU.Build.0 = Release|Any CPU
		{9C4FAA34-E6A0-4B10-94A0-4CA55933191A}.Debug|Any CPU.ActiveCfg = Debug|Any CPU
		{9C4FAA34-E6A0-4B10-94A0-4CA55933191A}.Debug|Any CPU.Build.0 = Debug|Any CPU
		{9C4FAA34-E6A0-4B10-94A0-4CA55933191A}.Release|Any CPU.ActiveCfg = Release|Any CPU
		{9C4FAA34-E6A0-4B10-94A0-4CA55933191A}.Release|Any CPU.Build.0 = Release|Any CPU
	EndGlobalSection
	GlobalSection(SolutionProperties) = preSolution
		HideSolutionNode = FALSE
	EndGlobalSection
	GlobalSection(ExtensibilityGlobals) = postSolution
		SolutionGuid = {BE04D5A0-EE16-48B7-A1B5-47FEEB7E789C}
	EndGlobalSection
EndGlobal
